
Microsoft Visual Studio Solution File, Format Version 12.00
# Visual Studio Version 16
VisualStudioVersion = 16.0.28803.156
MinimumVisualStudioVersion = 10.0.40219.1
Project("{FAE04EC0-301F-11D3-BF4B-00C04F79EFBC}") = "Capa.Datos", "Capa.Datos\Capa.Datos.csproj", "{24BFD79E-A2EE-4191-9164-861FF47874F9}"
EndProject
Project("{FAE04EC0-301F-11D3-BF4B-00C04F79EFBC}") = "Capa.Negocio", "Capa.Negocio\Capa.Negocio.csproj", "{888E8DEF-0F3C-4546-B5CB-D2701E0FC95C}"
EndProject
Project("{FAE04EC0-301F-11D3-BF4B-00C04F79EFBC}") = "Entidades", "Entidades\Entidades.csproj", "{E6CA1628-9839-4A57-BB00-D0D37265D946}"
EndProject
Project("{FAE04EC0-301F-11D3-BF4B-00C04F79EFBC}") = "Capa.Presentacion", "Capa.Presentacion\Capa.Presentacion.csproj", "{C1AB8DC6-D03B-473B-BE06-2FCC1496E5EF}"
EndProject
Project("{FAE04EC0-301F-11D3-BF4B-00C04F79EFBC}") = "UI", "UI\UI.csproj", "{F63AA8F7-15FD-4E88-BDD5-B131B1E5D692}"
EndProject
Global
	GlobalSection(SolutionConfigurationPlatforms) = preSolution
		Debug|Any CPU = Debug|Any CPU
		Release|Any CPU = Release|Any CPU
	EndGlobalSection
	GlobalSection(ProjectConfigurationPlatforms) = postSolution
		{24BFD79E-A2EE-4191-9164-861FF47874F9}.Debug|Any CPU.ActiveCfg = Debug|Any CPU
		{24BFD79E-A2EE-4191-9164-861FF47874F9}.Debug|Any CPU.Build.0 = Debug|Any CPU
		{24BFD79E-A2EE-4191-9164-861FF47874F9}.Release|Any CPU.ActiveCfg = Release|Any CPU
		{24BFD79E-A2EE-4191-9164-861FF47874F9}.Release|Any CPU.Build.0 = Release|Any CPU
		{888E8DEF-0F3C-4546-B5CB-D2701E0FC95C}.Debug|Any CPU.ActiveCfg = Debug|Any CPU
		{888E8DEF-0F3C-4546-B5CB-D2701E0FC95C}.Debug|Any CPU.Build.0 = Debug|Any CPU
		{888E8DEF-0F3C-4546-B5CB-D2701E0FC95C}.Release|Any CPU.ActiveCfg = Release|Any CPU
		{888E8DEF-0F3C-4546-B5CB-D2701E0FC95C}.Release|Any CPU.Build.0 = Release|Any CPU
		{E6CA1628-9839-4A57-BB00-D0D37265D946}.Debug|Any CPU.ActiveCfg = Debug|Any CPU
		{E6CA1628-9839-4A57-BB00-D0D37265D946}.Debug|Any CPU.Build.0 = Debug|Any CPU
		{E6CA1628-9839-4A57-BB00-D0D37265D946}.Release|Any CPU.ActiveCfg = Release|Any CPU
		{E6CA1628-9839-4A57-BB00-D0D37265D946}.Release|Any CPU.Build.0 = Release|Any CPU
		{C1AB8DC6-D03B-473B-BE06-2FCC1496E5EF}.Debug|Any CPU.ActiveCfg = Debug|Any CPU
		{C1AB8DC6-D03B-473B-BE06-2FCC1496E5EF}.Debug|Any CPU.Build.0 = Debug|Any CPU
		{C1AB8DC6-D03B-473B-BE06-2FCC1496E5EF}.Release|Any CPU.ActiveCfg = Release|Any CPU
		{C1AB8DC6-D03B-473B-BE06-2FCC1496E5EF}.Release|Any CPU.Build.0 = Release|Any CPU
		{F63AA8F7-15FD-4E88-BDD5-B131B1E5D692}.Debug|Any CPU.ActiveCfg = Debug|Any CPU
		{F63AA8F7-15FD-4E88-BDD5-B131B1E5D692}.Debug|Any CPU.Build.0 = Debug|Any CPU
		{F63AA8F7-15FD-4E88-BDD5-B131B1E5D692}.Release|Any CPU.ActiveCfg = Release|Any CPU
		{F63AA8F7-15FD-4E88-BDD5-B131B1E5D692}.Release|Any CPU.Build.0 = Release|Any CPU
	EndGlobalSection
	GlobalSection(SolutionProperties) = preSolution
		HideSolutionNode = FALSE
	EndGlobalSection
	GlobalSection(ExtensibilityGlobals) = postSolution
		SolutionGuid = {77EF04D7-0C76-4880-A180-91AB807C9E84}
	EndGlobalSection
EndGlobal
